
Microsoft Visual Studio Solution File, Format Version 12.00
# Visual Studio Version 16
VisualStudioVersion = 16.0.29418.71
MinimumVisualStudioVersion = 10.0.40219.1
Project("{9A19103F-16F7-4668-BE54-9A1E7A4F7556}") = "guessinggame", "guessinggame\guessinggame.csproj", "{97EF5030-9F1C-4172-B287-287CA50CB93A}"
EndProject
Project("{FAE04EC0-301F-11D3-BF4B-00C04F79EFBC}") = "guessingTests", "guessingTests\guessingTests.csproj", "{F448BDDA-23D0-4669-BB27-0E1A1B698F31}"
EndProject
Global
	GlobalSection(SolutionConfigurationPlatforms) = preSolution
		Debug|Any CPU = Debug|Any CPU
		Release|Any CPU = Release|Any CPU
	EndGlobalSection
	GlobalSection(ProjectConfigurationPlatforms) = postSolution
		{97EF5030-9F1C-4172-B287-287CA50CB93A}.Debug|Any CPU.ActiveCfg = Debug|Any CPU
		{97EF5030-9F1C-4172-B287-287CA50CB93A}.Debug|Any CPU.Build.0 = Debug|Any CPU
		{97EF5030-9F1C-4172-B287-287CA50CB93A}.Release|Any CPU.ActiveCfg = Release|Any CPU
		{97EF5030-9F1C-4172-B287-287CA50CB93A}.Release|Any CPU.Build.0 = Release|Any CPU
		{F448BDDA-23D0-4669-BB27-0E1A1B698F31}.Debug|Any CPU.ActiveCfg = Debug|Any CPU
		{F448BDDA-23D0-4669-BB27-0E1A1B698F31}.Debug|Any CPU.Build.0 = Debug|Any CPU
		{F448BDDA-23D0-4669-BB27-0E1A1B698F31}.Release|Any CPU.ActiveCfg = Release|Any CPU
		{F448BDDA-23D0-4669-BB27-0E1A1B698F31}.Release|Any CPU.Build.0 = Release|Any CPU
	EndGlobalSection
	GlobalSection(SolutionProperties) = preSolution
		HideSolutionNode = FALSE
	EndGlobalSection
	GlobalSection(ExtensibilityGlobals) = postSolution
		SolutionGuid = {6AE36E5A-931E-4617-8E20-548DB61AE019}
	EndGlobalSection
EndGlobal
